// !$*UTF8*$!
{
	archiveVersion = 1;
	classes = {
	};
	objectVersion = 50;
	objects = {

/* Begin PBXBuildFile section */
		E95D766F22B9BF0800EEFBD5 /* main.cpp in Sources */ = {isa = PBXBuildFile; fileRef = E95D766E22B9BF0800EEFBD5 /* main.cpp */; };
		E98D3ED922C6EDE200003036 /* libsfml-graphics.2.5.1.dylib in Frameworks */ = {isa = PBXBuildFile; fileRef = E98D3ED422C6EDE200003036 /* libsfml-graphics.2.5.1.dylib */; };
		E98D3EDA22C6EDE200003036 /* libsfml-audio.2.5.1.dylib in Frameworks */ = {isa = PBXBuildFile; fileRef = E98D3ED522C6EDE200003036 /* libsfml-audio.2.5.1.dylib */; };
		E98D3EDB22C6EDE200003036 /* libsfml-window.2.5.1.dylib in Frameworks */ = {isa = PBXBuildFile; fileRef = E98D3ED622C6EDE200003036 /* libsfml-window.2.5.1.dylib */; };
		E98D3EDC22C6EDE200003036 /* libsfml-network.2.5.1.dylib in Frameworks */ = {isa = PBXBuildFile; fileRef = E98D3ED722C6EDE200003036 /* libsfml-network.2.5.1.dylib */; };
		E98D3EDD22C6EDE200003036 /* libsfml-system.2.5.1.dylib in Frameworks */ = {isa = PBXBuildFile; fileRef = E98D3ED822C6EDE200003036 /* libsfml-system.2.5.1.dylib */; };
		E9BDD7A922DE3EBA005ACC6F /* assets in CopyFiles */ = {isa = PBXBuildFile; fileRef = E9BDD7A822DE3E5C005ACC6F /* assets */; };
		E9BDD7AC22DE4872005ACC6F /* LifeState.cpp in Sources */ = {isa = PBXBuildFile; fileRef = E9BDD7AA22DE4872005ACC6F /* LifeState.cpp */; };
		E9FCCAEC22DE083400711229 /* Game.cpp in Sources */ = {isa = PBXBuildFile; fileRef = E9FCCAEB22DE083400711229 /* Game.cpp */; };
		E9FCCAF322DE290E00711229 /* AssetManager.cpp in Sources */ = {isa = PBXBuildFile; fileRef = E9FCCAF122DE290E00711229 /* AssetManager.cpp */; };
/* End PBXBuildFile section */

/* Begin PBXCopyFilesBuildPhase section */
		E95D766922B9BF0800EEFBD5 /* CopyFiles */ = {
			isa = PBXCopyFilesBuildPhase;
			buildActionMask = 12;
			dstPath = "";
			dstSubfolderSpec = 7;
			files = (
				E9BDD7A922DE3EBA005ACC6F /* assets in CopyFiles */,
			);
			runOnlyForDeploymentPostprocessing = 0;
		};
/* End PBXCopyFilesBuildPhase section */

/* Begin PBXFileReference section */
		E94DEEFC22E5DC57009B03DB /* GameData.hpp */ = {isa = PBXFileReference; lastKnownFileType = sourcecode.cpp.h; path = GameData.hpp; sourceTree = "<group>"; };
		E95D766B22B9BF0800EEFBD5 /* GameOfLife */ = {isa = PBXFileReference; explicitFileType = "compiled.mach-o.executable"; includeInIndex = 0; path = GameOfLife; sourceTree = BUILT_PRODUCTS_DIR; };
		E95D766E22B9BF0800EEFBD5 /* main.cpp */ = {isa = PBXFileReference; lastKnownFileType = sourcecode.cpp.cpp; path = main.cpp; sourceTree = "<group>"; };
		E98D3ED422C6EDE200003036 /* libsfml-graphics.2.5.1.dylib */ = {isa = PBXFileReference; lastKnownFileType = "compiled.mach-o.dylib"; name = "libsfml-graphics.2.5.1.dylib"; path = "extlib/lib/libsfml-graphics.2.5.1.dylib"; sourceTree = "<group>"; };
		E98D3ED522C6EDE200003036 /* libsfml-audio.2.5.1.dylib */ = {isa = PBXFileReference; lastKnownFileType = "compiled.mach-o.dylib"; name = "libsfml-audio.2.5.1.dylib"; path = "extlib/lib/libsfml-audio.2.5.1.dylib"; sourceTree = "<group>"; };
		E98D3ED622C6EDE200003036 /* libsfml-window.2.5.1.dylib */ = {isa = PBXFileReference; lastKnownFileType = "compiled.mach-o.dylib"; name = "libsfml-window.2.5.1.dylib"; path = "extlib/lib/libsfml-window.2.5.1.dylib"; sourceTree = "<group>"; };
		E98D3ED722C6EDE200003036 /* libsfml-network.2.5.1.dylib */ = {isa = PBXFileReference; lastKnownFileType = "compiled.mach-o.dylib"; name = "libsfml-network.2.5.1.dylib"; path = "extlib/lib/libsfml-network.2.5.1.dylib"; sourceTree = "<group>"; };
		E98D3ED822C6EDE200003036 /* libsfml-system.2.5.1.dylib */ = {isa = PBXFileReference; lastKnownFileType = "compiled.mach-o.dylib"; name = "libsfml-system.2.5.1.dylib"; path = "extlib/lib/libsfml-system.2.5.1.dylib"; sourceTree = "<group>"; };
		E9BDD7A822DE3E5C005ACC6F /* assets */ = {isa = PBXFileReference; lastKnownFileType = folder; path = assets; sourceTree = "<group>"; };
		E9BDD7AA22DE4872005ACC6F /* LifeState.cpp */ = {isa = PBXFileReference; lastKnownFileType = sourcecode.cpp.cpp; path = LifeState.cpp; sourceTree = "<group>"; };
		E9BDD7AB22DE4872005ACC6F /* LifeState.hpp */ = {isa = PBXFileReference; lastKnownFileType = sourcecode.cpp.h; path = LifeState.hpp; sourceTree = "<group>"; };
		E9C8107822EF24F500482A3A /* README.md */ = {isa = PBXFileReference; lastKnownFileType = net.daringfireball.markdown; path = README.md; sourceTree = "<group>"; };
		E9C8107922EF250300482A3A /* README.md */ = {isa = PBXFileReference; lastKnownFileType = net.daringfireball.markdown; path = README.md; sourceTree = "<group>"; };
		E9C8107A22EF250C00482A3A /* CMakeLists.txt */ = {isa = PBXFileReference; lastKnownFileType = text; path = CMakeLists.txt; sourceTree = "<group>"; };
		E9C8107B22EF251400482A3A /* .gitignore */ = {isa = PBXFileReference; lastKnownFileType = text; path = .gitignore; sourceTree = "<group>"; };
		E9FCCAEB22DE083400711229 /* Game.cpp */ = {isa = PBXFileReference; lastKnownFileType = sourcecode.cpp.cpp; path = Game.cpp; sourceTree = "<group>"; };
		E9FCCAF022DE088900711229 /* Game.hpp */ = {isa = PBXFileReference; lastKnownFileType = sourcecode.cpp.h; path = Game.hpp; sourceTree = "<group>"; };
		E9FCCAF122DE290E00711229 /* AssetManager.cpp */ = {isa = PBXFileReference; lastKnownFileType = sourcecode.cpp.cpp; path = AssetManager.cpp; sourceTree = "<group>"; };
		E9FCCAF222DE290E00711229 /* AssetManager.hpp */ = {isa = PBXFileReference; lastKnownFileType = sourcecode.cpp.h; path = AssetManager.hpp; sourceTree = "<group>"; };
/* End PBXFileReference section */

/* Begin PBXFrameworksBuildPhase section */
		E95D766822B9BF0800EEFBD5 /* Frameworks */ = {
			isa = PBXFrameworksBuildPhase;
			buildActionMask = 2147483647;
			files = (
				E98D3ED922C6EDE200003036 /* libsfml-graphics.2.5.1.dylib in Frameworks */,
				E98D3EDA22C6EDE200003036 /* libsfml-audio.2.5.1.dylib in Frameworks */,
				E98D3EDB22C6EDE200003036 /* libsfml-window.2.5.1.dylib in Frameworks */,
				E98D3EDC22C6EDE200003036 /* libsfml-network.2.5.1.dylib in Frameworks */,
				E98D3EDD22C6EDE200003036 /* libsfml-system.2.5.1.dylib in Frameworks */,
			);
			runOnlyForDeploymentPostprocessing = 0;
		};
/* End PBXFrameworksBuildPhase section */

/* Begin PBXGroup section */
		E95D766222B9BF0800EEFBD5 = {
			isa = PBXGroup;
			children = (
				E9C8107B22EF251400482A3A /* .gitignore */,
				E9C8107922EF250300482A3A /* README.md */,
				E9C8107A22EF250C00482A3A /* CMakeLists.txt */,
				E9BDD7A822DE3E5C005ACC6F /* assets */,
				E9FCCAEF22DE086E00711229 /* includes */,
				E9FCCAED22DE085200711229 /* src */,
				E95D766C22B9BF0800EEFBD5 /* Products */,
				E98D3ED322C6EDE200003036 /* Frameworks */,
			);
			sourceTree = "<group>";
		};
		E95D766C22B9BF0800EEFBD5 /* Products */ = {
			isa = PBXGroup;
			children = (
				E95D766B22B9BF0800EEFBD5 /* GameOfLife */,
			);
			name = Products;
			sourceTree = "<group>";
		};
		E98D3ED322C6EDE200003036 /* Frameworks */ = {
			isa = PBXGroup;
			children = (
				E9C8107822EF24F500482A3A /* README.md */,
				E98D3ED522C6EDE200003036 /* libsfml-audio.2.5.1.dylib */,
				E98D3ED422C6EDE200003036 /* libsfml-graphics.2.5.1.dylib */,
				E98D3ED722C6EDE200003036 /* libsfml-network.2.5.1.dylib */,
				E98D3ED822C6EDE200003036 /* libsfml-system.2.5.1.dylib */,
				E98D3ED622C6EDE200003036 /* libsfml-window.2.5.1.dylib */,
			);
			name = Frameworks;
			sourceTree = "<group>";
		};
		E9FCCAED22DE085200711229 /* src */ = {
			isa = PBXGroup;
			children = (
				E9BDD7AA22DE4872005ACC6F /* LifeState.cpp */,
				E9FCCAF122DE290E00711229 /* AssetManager.cpp */,
				E95D766E22B9BF0800EEFBD5 /* main.cpp */,
				E9FCCAEB22DE083400711229 /* Game.cpp */,
			);
			path = src;
			sourceTree = "<group>";
		};
		E9FCCAEF22DE086E00711229 /* includes */ = {
			isa = PBXGroup;
			children = (
				E9FCCAF022DE088900711229 /* Game.hpp */,
				E9FCCAF222DE290E00711229 /* AssetManager.hpp */,
				E9BDD7AB22DE4872005ACC6F /* LifeState.hpp */,
				E94DEEFC22E5DC57009B03DB /* GameData.hpp */,
			);
			path = includes;
			sourceTree = "<group>";
		};
/* End PBXGroup section */

/* Begin PBXNativeTarget section */
		E95D766A22B9BF0800EEFBD5 /* GameOfLife */ = {
			isa = PBXNativeTarget;
			buildConfigurationList = E95D767222B9BF0800EEFBD5 /* Build configuration list for PBXNativeTarget "GameOfLife" */;
			buildPhases = (
				E95D766722B9BF0800EEFBD5 /* Sources */,
				E95D766822B9BF0800EEFBD5 /* Frameworks */,
				E95D766922B9BF0800EEFBD5 /* CopyFiles */,
			);
			buildRules = (
			);
			dependencies = (
			);
			name = GameOfLife;
			productName = GameOfLife;
			productReference = E95D766B22B9BF0800EEFBD5 /* GameOfLife */;
			productType = "com.apple.product-type.tool";
		};
/* End PBXNativeTarget section */

/* Begin PBXProject section */
		E95D766322B9BF0800EEFBD5 /* Project object */ = {
			isa = PBXProject;
			attributes = {
				LastUpgradeCheck = 1020;
				ORGANIZATIONNAME = "Thomas Andolf";
				TargetAttributes = {
					E95D766A22B9BF0800EEFBD5 = {
						CreatedOnToolsVersion = 10.2.1;
					};
				};
			};
			buildConfigurationList = E95D766622B9BF0800EEFBD5 /* Build configuration list for PBXProject "GameOfLife" */;
			compatibilityVersion = "Xcode 9.3";
			developmentRegion = en;
			hasScannedForEncodings = 0;
			knownRegions = (
				en,
			);
			mainGroup = E95D766222B9BF0800EEFBD5;
			productRefGroup = E95D766C22B9BF0800EEFBD5 /* Products */;
			projectDirPath = "";
			projectRoot = "";
			targets = (
				E95D766A22B9BF0800EEFBD5 /* GameOfLife */,
			);
		};
/* End PBXProject section */

/* Begin PBXSourcesBuildPhase section */
		E95D766722B9BF0800EEFBD5 /* Sources */ = {
			isa = PBXSourcesBuildPhase;
			buildActionMask = 2147483647;
			files = (
				E9FCCAF322DE290E00711229 /* AssetManager.cpp in Sources */,
				E9BDD7AC22DE4872005ACC6F /* LifeState.cpp in Sources */,
				E95D766F22B9BF0800EEFBD5 /* main.cpp in Sources */,
				E9FCCAEC22DE083400711229 /* Game.cpp in Sources */,
			);
			runOnlyForDeploymentPostprocessing = 0;
		};
/* End PBXSourcesBuildPhase section */

/* Begin XCBuildConfiguration section */
		E95D767022B9BF0800EEFBD5 /* Debug */ = {
			isa = XCBuildConfiguration;
			buildSettings = {
				ALWAYS_SEARCH_USER_PATHS = NO;
				CLANG_ANALYZER_NONNULL = YES;
				CLANG_ANALYZER_NUMBER_OBJECT_CONVERSION = YES_AGGRESSIVE;
				CLANG_CXX_LANGUAGE_STANDARD = "gnu++14";
				CLANG_CXX_LIBRARY = "libc++";
				CLANG_ENABLE_MODULES = YES;
				CLANG_ENABLE_OBJC_ARC = YES;
				CLANG_ENABLE_OBJC_WEAK = YES;
				CLANG_WARN_BLOCK_CAPTURE_AUTORELEASING = YES;
				CLANG_WARN_BOOL_CONVERSION = YES;
				CLANG_WARN_COMMA = YES;
				CLANG_WARN_CONSTANT_CONVERSION = YES;
				CLANG_WARN_DEPRECATED_OBJC_IMPLEMENTATIONS = YES;
				CLANG_WARN_DIRECT_OBJC_ISA_USAGE = YES_ERROR;
				CLANG_WARN_DOCUMENTATION_COMMENTS = YES;
				CLANG_WARN_EMPTY_BODY = YES;
				CLANG_WARN_ENUM_CONVERSION = YES;
				CLANG_WARN_INFINITE_RECURSION = YES;
				CLANG_WARN_INT_CONVERSION = YES;
				CLANG_WARN_NON_LITERAL_NULL_CONVERSION = YES;
				CLANG_WARN_OBJC_IMPLICIT_RETAIN_SELF = YES;
				CLANG_WARN_OBJC_LITERAL_CONVERSION = YES;
				CLANG_WARN_OBJC_ROOT_CLASS = YES_ERROR;
				CLANG_WARN_RANGE_LOOP_ANALYSIS = YES;
				CLANG_WARN_STRICT_PROTOTYPES = YES;
				CLANG_WARN_SUSPICIOUS_MOVE = YES;
				CLANG_WARN_UNGUARDED_AVAILABILITY = YES_AGGRESSIVE;
				CLANG_WARN_UNREACHABLE_CODE = YES;
				CLANG_WARN__DUPLICATE_METHOD_MATCH = YES;
				CODE_SIGN_IDENTITY = "-";
				COPY_PHASE_STRIP = NO;
				DEBUG_INFORMATION_FORMAT = dwarf;
				ENABLE_STRICT_OBJC_MSGSEND = YES;
				ENABLE_TESTABILITY = YES;
				FRAMEWORK_SEARCH_PATHS = /Library/Frameworks;
				GCC_C_LANGUAGE_STANDARD = gnu11;
				GCC_DYNAMIC_NO_PIC = NO;
				GCC_NO_COMMON_BLOCKS = YES;
				GCC_OPTIMIZATION_LEVEL = 0;
				GCC_PREPROCESSOR_DEFINITIONS = (
					"DEBUG=1",
					"$(inherited)",
				);
				GCC_WARN_64_TO_32_BIT_CONVERSION = YES;
				GCC_WARN_ABOUT_RETURN_TYPE = YES_ERROR;
				GCC_WARN_UNDECLARED_SELECTOR = YES;
				GCC_WARN_UNINITIALIZED_AUTOS = YES_AGGRESSIVE;
				GCC_WARN_UNUSED_FUNCTION = YES;
				GCC_WARN_UNUSED_VARIABLE = YES;
				MACOSX_DEPLOYMENT_TARGET = 10.14;
				MTL_ENABLE_DEBUG_INFO = INCLUDE_SOURCE;
				MTL_FAST_MATH = YES;
				ONLY_ACTIVE_ARCH = YES;
				SDKROOT = macosx;
			};
			name = Debug;
		};
		E95D767122B9BF0800EEFBD5 /* Release */ = {
			isa = XCBuildConfiguration;
			buildSettings = {
				ALWAYS_SEARCH_USER_PATHS = NO;
				CLANG_ANALYZER_NONNULL = YES;
				CLANG_ANALYZER_NUMBER_OBJECT_CONVERSION = YES_AGGRESSIVE;
				CLANG_CXX_LANGUAGE_STANDARD = "gnu++14";
				CLANG_CXX_LIBRARY = "libc++";
				CLANG_ENABLE_MODULES = YES;
				CLANG_ENABLE_OBJC_ARC = YES;
				CLANG_ENABLE_OBJC_WEAK = YES;
				CLANG_WARN_BLOCK_CAPTURE_AUTORELEASING = YES;
				CLANG_WARN_BOOL_CONVERSION = YES;
				CLANG_WARN_COMMA = YES;
				CLANG_WARN_CONSTANT_CONVERSION = YES;
				CLANG_WARN_DEPRECATED_OBJC_IMPLEMENTATIONS = YES;
				CLANG_WARN_DIRECT_OBJC_ISA_USAGE = YES_ERROR;
				CLANG_WARN_DOCUMENTATION_COMMENTS = YES;
				CLANG_WARN_EMPTY_BODY = YES;
				CLANG_WARN_ENUM_CONVERSION = YES;
				CLANG_WARN_INFINITE_RECURSION = YES;
				CLANG_WARN_INT_CONVERSION = YES;
				CLANG_WARN_NON_LITERAL_NULL_CONVERSION = YES;
				CLANG_WARN_OBJC_IMPLICIT_RETAIN_SELF = YES;
				CLANG_WARN_OBJC_LITERAL_CONVERSION = YES;
				CLANG_WARN_OBJC_ROOT_CLASS = YES_ERROR;
				CLANG_WARN_RANGE_LOOP_ANALYSIS = YES;
				CLANG_WARN_STRICT_PROTOTYPES = YES;
				CLANG_WARN_SUSPICIOUS_MOVE = YES;
				CLANG_WARN_UNGUARDED_AVAILABILITY = YES_AGGRESSIVE;
				CLANG_WARN_UNREACHABLE_CODE = YES;
				CLANG_WARN__DUPLICATE_METHOD_MATCH = YES;
				CODE_SIGN_IDENTITY = "-";
				COPY_PHASE_STRIP = NO;
				DEBUG_INFORMATION_FORMAT = "dwarf-with-dsym";
				ENABLE_NS_ASSERTIONS = NO;
				ENABLE_STRICT_OBJC_MSGSEND = YES;
				FRAMEWORK_SEARCH_PATHS = /Library/Frameworks;
				GCC_C_LANGUAGE_STANDARD = gnu11;
				GCC_NO_COMMON_BLOCKS = YES;
				GCC_WARN_64_TO_32_BIT_CONVERSION = YES;
				GCC_WARN_ABOUT_RETURN_TYPE = YES_ERROR;
				GCC_WARN_UNDECLARED_SELECTOR = YES;
				GCC_WARN_UNINITIALIZED_AUTOS = YES_AGGRESSIVE;
				GCC_WARN_UNUSED_FUNCTION = YES;
				GCC_WARN_UNUSED_VARIABLE = YES;
				MACOSX_DEPLOYMENT_TARGET = 10.14;
				MTL_ENABLE_DEBUG_INFO = NO;
				MTL_FAST_MATH = YES;
				SDKROOT = macosx;
			};
			name = Release;
		};
		E95D767322B9BF0800EEFBD5 /* Debug */ = {
			isa = XCBuildConfiguration;
			buildSettings = {
				CLANG_CXX_LANGUAGE_STANDARD = "c++17";
				CODE_SIGN_STYLE = Automatic;
				FRAMEWORK_SEARCH_PATHS = "";
				HEADER_SEARCH_PATHS = "${SRCROOT}/extlib/include";
				LIBRARY_SEARCH_PATHS = (
					"$(inherited)",
					"$(PROJECT_DIR)/extlib/lib",
				);
				PRODUCT_NAME = "$(TARGET_NAME)";
				SYSTEM_FRAMEWORK_SEARCH_PATHS = "";
				USER_HEADER_SEARCH_PATHS = "includes/**";
			};
			name = Debug;
		};
		E95D767422B9BF0800EEFBD5 /* Release */ = {
			isa = XCBuildConfiguration;
			buildSettings = {
				CLANG_CXX_LANGUAGE_STANDARD = "c++17";
				CODE_SIGN_STYLE = Automatic;
				FRAMEWORK_SEARCH_PATHS = "";
				HEADER_SEARCH_PATHS = "${SRCROOT}/extlib/include";
				LIBRARY_SEARCH_PATHS = (
					"$(inherited)",
					"$(PROJECT_DIR)/extlib/lib",
				);
				PRODUCT_NAME = "$(TARGET_NAME)";
				SYSTEM_FRAMEWORK_SEARCH_PATHS = "";
				USER_HEADER_SEARCH_PATHS = "includes/**";
			};
			name = Release;
		};
/* End XCBuildConfiguration section */

/* Begin XCConfigurationList section */
		E95D766622B9BF0800EEFBD5 /* Build configuration list for PBXProject "GameOfLife" */ = {
			isa = XCConfigurationList;
			buildConfigurations = (
				E95D767022B9BF0800EEFBD5 /* Debug */,
				E95D767122B9BF0800EEFBD5 /* Release */,
			);
			defaultConfigurationIsVisible = 0;
			defaultConfigurationName = Release;
		};
		E95D767222B9BF0800EEFBD5 /* Build configuration list for PBXNativeTarget "GameOfLife" */ = {
			isa = XCConfigurationList;
			buildConfigurations = (
				E95D767322B9BF0800EEFBD5 /* Debug */,
				E95D767422B9BF0800EEFBD5 /* Release */,
			);
			defaultConfigurationIsVisible = 0;
			defaultConfigurationName = Release;
		};
/* End XCConfigurationList section */
	};
	rootObject = E95D766322B9BF0800EEFBD5 /* Project object */;
}
